// !$*UTF8*$!
{
	archiveVersion = 1;
	classes = {
	};
	objectVersion = 46;
	objects = {

/* Begin PBXBuildFile section */
		1F7911611D08742100490E61 /* main.m in Sources */ = {isa = PBXBuildFile; fileRef = 1F7911601D08742100490E61 /* main.m */; };
		1F7911641D08742100490E61 /* AppDelegate.m in Sources */ = {isa = PBXBuildFile; fileRef = 1F7911631D08742100490E61 /* AppDelegate.m */; };
		1F7911671D08742100490E61 /* ViewController.m in Sources */ = {isa = PBXBuildFile; fileRef = 1F7911661D08742100490E61 /* ViewController.m */; };
		1F79116A1D08742100490E61 /* Main.storyboard in Resources */ = {isa = PBXBuildFile; fileRef = 1F7911681D08742100490E61 /* Main.storyboard */; };
		1F79116C1D08742100490E61 /* Assets.xcassets in Resources */ = {isa = PBXBuildFile; fileRef = 1F79116B1D08742100490E61 /* Assets.xcassets */; };
		1F79116F1D08742100490E61 /* LaunchScreen.storyboard in Resources */ = {isa = PBXBuildFile; fileRef = 1F79116D1D08742100490E61 /* LaunchScreen.storyboard */; };
		1F7911771D08753200490E61 /* Podfile in Resources */ = {isa = PBXBuildFile; fileRef = 1F7911761D08753200490E61 /* Podfile */; };
		E27F2D7035161995039FA21B /* Pods_LiveAgent.framework in Frameworks */ = {isa = PBXBuildFile; fileRef = 33350B149E59DC0831184198 /* Pods_LiveAgent.framework */; };
/* End PBXBuildFile section */

/* Begin PBXFileReference section */
		111AAE3F72EA475E1365D3F7 /* Pods-LiveAgent.release.xcconfig */ = {isa = PBXFileReference; includeInIndex = 1; lastKnownFileType = text.xcconfig; name = "Pods-LiveAgent.release.xcconfig"; path = "Pods/Target Support Files/Pods-LiveAgent/Pods-LiveAgent.release.xcconfig"; sourceTree = "<group>"; };
		1F79115C1D08742000490E61 /* LiveAgent.app */ = {isa = PBXFileReference; explicitFileType = wrapper.application; includeInIndex = 0; path = LiveAgent.app; sourceTree = BUILT_PRODUCTS_DIR; };
		1F7911601D08742100490E61 /* main.m */ = {isa = PBXFileReference; lastKnownFileType = sourcecode.c.objc; path = main.m; sourceTree = "<group>"; };
		1F7911621D08742100490E61 /* AppDelegate.h */ = {isa = PBXFileReference; lastKnownFileType = sourcecode.c.h; path = AppDelegate.h; sourceTree = "<group>"; };
		1F7911631D08742100490E61 /* AppDelegate.m */ = {isa = PBXFileReference; lastKnownFileType = sourcecode.c.objc; path = AppDelegate.m; sourceTree = "<group>"; };
		1F7911651D08742100490E61 /* ViewController.h */ = {isa = PBXFileReference; lastKnownFileType = sourcecode.c.h; path = ViewController.h; sourceTree = "<group>"; };
		1F7911661D08742100490E61 /* ViewController.m */ = {isa = PBXFileReference; lastKnownFileType = sourcecode.c.objc; path = ViewController.m; sourceTree = "<group>"; };
		1F7911691D08742100490E61 /* Base */ = {isa = PBXFileReference; lastKnownFileType = file.storyboard; name = Base; path = Base.lproj/Main.storyboard; sourceTree = "<group>"; };
		1F79116B1D08742100490E61 /* Assets.xcassets */ = {isa = PBXFileReference; lastKnownFileType = folder.assetcatalog; path = Assets.xcassets; sourceTree = "<group>"; };
		1F79116E1D08742100490E61 /* Base */ = {isa = PBXFileReference; lastKnownFileType = file.storyboard; name = Base; path = Base.lproj/LaunchScreen.storyboard; sourceTree = "<group>"; };
		1F7911701D08742100490E61 /* Info.plist */ = {isa = PBXFileReference; lastKnownFileType = text.plist.xml; path = Info.plist; sourceTree = "<group>"; };
		1F7911761D08753200490E61 /* Podfile */ = {isa = PBXFileReference; fileEncoding = 4; lastKnownFileType = text; path = Podfile; sourceTree = "<group>"; };
		2FE5994FB5761E2A80AB8E2A /* Pods-LiveAgent.debug.xcconfig */ = {isa = PBXFileReference; includeInIndex = 1; lastKnownFileType = text.xcconfig; name = "Pods-LiveAgent.debug.xcconfig"; path = "Pods/Target Support Files/Pods-LiveAgent/Pods-LiveAgent.debug.xcconfig"; sourceTree = "<group>"; };
		33350B149E59DC0831184198 /* Pods_LiveAgent.framework */ = {isa = PBXFileReference; explicitFileType = wrapper.framework; includeInIndex = 0; path = Pods_LiveAgent.framework; sourceTree = BUILT_PRODUCTS_DIR; };
/* End PBXFileReference section */

/* Begin PBXFrameworksBuildPhase section */
		1F7911591D08742000490E61 /* Frameworks */ = {
			isa = PBXFrameworksBuildPhase;
			buildActionMask = 2147483647;
			files = (
				E27F2D7035161995039FA21B /* Pods_LiveAgent.framework in Frameworks */,
			);
			runOnlyForDeploymentPostprocessing = 0;
		};
/* End PBXFrameworksBuildPhase section */

/* Begin PBXGroup section */
		1F7911531D08742000490E61 = {
			isa = PBXGroup;
			children = (
				1F7911761D08753200490E61 /* Podfile */,
				1F79115E1D08742100490E61 /* LiveAgent */,
				1F79115D1D08742000490E61 /* Products */,
				5CEDD4C551B79F099F3D4926 /* Pods */,
				F83BA45A6282FFEAA61E9A74 /* Frameworks */,
			);
			sourceTree = "<group>";
		};
		1F79115D1D08742000490E61 /* Products */ = {
			isa = PBXGroup;
			children = (
				1F79115C1D08742000490E61 /* LiveAgent.app */,
			);
			name = Products;
			sourceTree = "<group>";
		};
		1F79115E1D08742100490E61 /* LiveAgent */ = {
			isa = PBXGroup;
			children = (
				1F7911621D08742100490E61 /* AppDelegate.h */,
				1F7911631D08742100490E61 /* AppDelegate.m */,
				1F7911651D08742100490E61 /* ViewController.h */,
				1F7911661D08742100490E61 /* ViewController.m */,
				1F7911681D08742100490E61 /* Main.storyboard */,
				1F79116B1D08742100490E61 /* Assets.xcassets */,
				1F79116D1D08742100490E61 /* LaunchScreen.storyboard */,
				1F7911701D08742100490E61 /* Info.plist */,
				1F79115F1D08742100490E61 /* Supporting Files */,
			);
			path = LiveAgent;
			sourceTree = "<group>";
		};
		1F79115F1D08742100490E61 /* Supporting Files */ = {
			isa = PBXGroup;
			children = (
				1F7911601D08742100490E61 /* main.m */,
			);
			name = "Supporting Files";
			sourceTree = "<group>";
		};
		5CEDD4C551B79F099F3D4926 /* Pods */ = {
			isa = PBXGroup;
			children = (
				2FE5994FB5761E2A80AB8E2A /* Pods-LiveAgent.debug.xcconfig */,
				111AAE3F72EA475E1365D3F7 /* Pods-LiveAgent.release.xcconfig */,
			);
			name = Pods;
			sourceTree = "<group>";
		};
		F83BA45A6282FFEAA61E9A74 /* Frameworks */ = {
			isa = PBXGroup;
			children = (
				33350B149E59DC0831184198 /* Pods_LiveAgent.framework */,
			);
			name = Frameworks;
			sourceTree = "<group>";
		};
/* End PBXGroup section */

/* Begin PBXNativeTarget section */
		1F79115B1D08742000490E61 /* LiveAgent */ = {
			isa = PBXNativeTarget;
			buildConfigurationList = 1F7911731D08742100490E61 /* Build configuration list for PBXNativeTarget "LiveAgent" */;
			buildPhases = (
				1D7A7B9AA569FB4CE5ACE005 /* [CP] Check Pods Manifest.lock */,
				1F7911581D08742000490E61 /* Sources */,
				1F7911591D08742000490E61 /* Frameworks */,
				1F79115A1D08742000490E61 /* Resources */,
				03D4D44E4B32BFD0A19589B7 /* [CP] Embed Pods Frameworks */,
				34AF0D54BE1B2A5703381BD2 /* [CP] Copy Pods Resources */,
			);
			buildRules = (
			);
			dependencies = (
			);
			name = LiveAgent;
			productName = LiveAgent;
			productReference = 1F79115C1D08742000490E61 /* LiveAgent.app */;
			productType = "com.apple.product-type.application";
		};
/* End PBXNativeTarget section */

/* Begin PBXProject section */
		1F7911541D08742000490E61 /* Project object */ = {
			isa = PBXProject;
			attributes = {
				LastUpgradeCheck = 0730;
				ORGANIZATIONNAME = "Halid Cisse";
				TargetAttributes = {
					1F79115B1D08742000490E61 = {
						CreatedOnToolsVersion = 7.3.1;
					};
				};
			};
			buildConfigurationList = 1F7911571D08742000490E61 /* Build configuration list for PBXProject "LiveAgent" */;
			compatibilityVersion = "Xcode 3.2";
			developmentRegion = English;
			hasScannedForEncodings = 0;
			knownRegions = (
				en,
				Base,
			);
			mainGroup = 1F7911531D08742000490E61;
			productRefGroup = 1F79115D1D08742000490E61 /* Products */;
			projectDirPath = "";
			projectRoot = "";
			targets = (
				1F79115B1D08742000490E61 /* LiveAgent */,
			);
		};
/* End PBXProject section */

/* Begin PBXResourcesBuildPhase section */
		1F79115A1D08742000490E61 /* Resources */ = {
			isa = PBXResourcesBuildPhase;
			buildActionMask = 2147483647;
			files = (
				1F79116F1D08742100490E61 /* LaunchScreen.storyboard in Resources */,
				1F79116C1D08742100490E61 /* Assets.xcassets in Resources */,
				1F7911771D08753200490E61 /* Podfile in Resources */,
				1F79116A1D08742100490E61 /* Main.storyboard in Resources */,
			);
			runOnlyForDeploymentPostprocessing = 0;
		};
/* End PBXResourcesBuildPhase section */

/* Begin PBXShellScriptBuildPhase section */
		03D4D44E4B32BFD0A19589B7 /* [CP] Embed Pods Frameworks */ = {
			isa = PBXShellScriptBuildPhase;
			buildActionMask = 2147483647;
			files = (
			);
			inputPaths = (
			);
			name = "[CP] Embed Pods Frameworks";
			outputPaths = (
			);
			runOnlyForDeploymentPostprocessing = 0;
			shellPath = /bin/sh;
			shellScript = "\"${SRCROOT}/Pods/Target Support Files/Pods-LiveAgent/Pods-LiveAgent-frameworks.sh\"\n";
			showEnvVarsInLog = 0;
		};
		1D7A7B9AA569FB4CE5ACE005 /* [CP] Check Pods Manifest.lock */ = {
			isa = PBXShellScriptBuildPhase;
			buildActionMask = 2147483647;
			files = (
			);
			inputPaths = (
			);
			name = "[CP] Check Pods Manifest.lock";
			outputPaths = (
			);
			runOnlyForDeploymentPostprocessing = 0;
			shellPath = /bin/sh;
			shellScript = "diff \"${PODS_ROOT}/../Podfile.lock\" \"${PODS_ROOT}/Manifest.lock\" > /dev/null\nif [[ $? != 0 ]] ; then\n    cat << EOM\nerror: The sandbox is not in sync with the Podfile.lock. Run 'pod install' or update your CocoaPods installation.\nEOM\n    exit 1\nfi\n";
			showEnvVarsInLog = 0;
		};
		34AF0D54BE1B2A5703381BD2 /* [CP] Copy Pods Resources */ = {
			isa = PBXShellScriptBuildPhase;
			buildActionMask = 2147483647;
			files = (
			);
			inputPaths = (
			);
			name = "[CP] Copy Pods Resources";
			outputPaths = (
			);
			runOnlyForDeploymentPostprocessing = 0;
			shellPath = /bin/sh;
			shellScript = "\"${SRCROOT}/Pods/Target Support Files/Pods-LiveAgent/Pods-LiveAgent-resources.sh\"\n";
			showEnvVarsInLog = 0;
		};
/* End PBXShellScriptBuildPhase section */

/* Begin PBXSourcesBuildPhase section */
		1F7911581D08742000490E61 /* Sources */ = {
			isa = PBXSourcesBuildPhase;
			buildActionMask = 2147483647;
			files = (
				1F7911671D08742100490E61 /* ViewController.m in Sources */,
				1F7911641D08742100490E61 /* AppDelegate.m in Sources */,
				1F7911611D08742100490E61 /* main.m in Sources */,
			);
			runOnlyForDeploymentPostprocessing = 0;
		};
/* End PBXSourcesBuildPhase section */

/* Begin PBXVariantGroup section */
		1F7911681D08742100490E61 /* Main.storyboard */ = {
			isa = PBXVariantGroup;
			children = (
				1F7911691D08742100490E61 /* Base */,
			);
			name = Main.storyboard;
			sourceTree = "<group>";
		};
		1F79116D1D08742100490E61 /* LaunchScreen.storyboard */ = {
			isa = PBXVariantGroup;
			children = (
				1F79116E1D08742100490E61 /* Base */,
			);
			name = LaunchScreen.storyboard;
			sourceTree = "<group>";
		};
/* End PBXVariantGroup section */

/* Begin XCBuildConfiguration section */
		1F7911711D08742100490E61 /* Debug */ = {
			isa = XCBuildConfiguration;
			buildSettings = {
				ALWAYS_SEARCH_USER_PATHS = NO;
				CLANG_ANALYZER_NONNULL = YES;
				CLANG_CXX_LANGUAGE_STANDARD = "gnu++0x";
				CLANG_CXX_LIBRARY = "libc++";
				CLANG_ENABLE_MODULES = YES;
				CLANG_ENABLE_OBJC_ARC = YES;
				CLANG_WARN_BOOL_CONVERSION = YES;
				CLANG_WARN_CONSTANT_CONVERSION = YES;
				CLANG_WARN_DIRECT_OBJC_ISA_USAGE = YES_ERROR;
				CLANG_WARN_EMPTY_BODY = YES;
				CLANG_WARN_ENUM_CONVERSION = YES;
				CLANG_WARN_INT_CONVERSION = YES;
				CLANG_WARN_OBJC_ROOT_CLASS = YES_ERROR;
				CLANG_WARN_UNREACHABLE_CODE = YES;
				CLANG_WARN__DUPLICATE_METHOD_MATCH = YES;
				"CODE_SIGN_IDENTITY[sdk=iphoneos*]" = "iPhone Developer";
				COPY_PHASE_STRIP = NO;
				DEBUG_INFORMATION_FORMAT = dwarf;
				ENABLE_STRICT_OBJC_MSGSEND = YES;
				ENABLE_TESTABILITY = YES;
				GCC_C_LANGUAGE_STANDARD = gnu99;
				GCC_DYNAMIC_NO_PIC = NO;
				GCC_NO_COMMON_BLOCKS = YES;
				GCC_OPTIMIZATION_LEVEL = 0;
				GCC_PREPROCESSOR_DEFINITIONS = (
					"DEBUG=1",
					"$(inherited)",
				);
				GCC_WARN_64_TO_32_BIT_CONVERSION = YES;
				GCC_WARN_ABOUT_RETURN_TYPE = YES_ERROR;
				GCC_WARN_UNDECLARED_SELECTOR = YES;
				GCC_WARN_UNINITIALIZED_AUTOS = YES_AGGRESSIVE;
				GCC_WARN_UNUSED_FUNCTION = YES;
				GCC_WARN_UNUSED_VARIABLE = YES;
				IPHONEOS_DEPLOYMENT_TARGET = 9.3;
				MTL_ENABLE_DEBUG_INFO = YES;
				ONLY_ACTIVE_ARCH = YES;
				SDKROOT = iphoneos;
				TARGETED_DEVICE_FAMILY = "1,2";
			};
			name = Debug;
		};
		1F7911721D08742100490E61 /* Release */ = {
			isa = XCBuildConfiguration;
			buildSettings = {
				ALWAYS_SEARCH_USER_PATHS = NO;
				CLANG_ANALYZER_NONNULL = YES;
				CLANG_CXX_LANGUAGE_STANDARD = "gnu++0x";
				CLANG_CXX_LIBRARY = "libc++";
				CLANG_ENABLE_MODULES = YES;
				CLANG_ENABLE_OBJC_ARC = YES;
				CLANG_WARN_BOOL_CONVERSION = YES;
				CLANG_WARN_CONSTANT_CONVERSION = YES;
				CLANG_WARN_DIRECT_OBJC_ISA_USAGE = YES_ERROR;
				CLANG_WARN_EMPTY_BODY = YES;
				CLANG_WARN_ENUM_CONVERSION = YES;
				CLANG_WARN_INT_CONVERSION = YES;
				CLANG_WARN_OBJC_ROOT_CLASS = YES_ERROR;
				CLANG_WARN_UNREACHABLE_CODE = YES;
				CLANG_WARN__DUPLICATE_METHOD_MATCH = YES;
				"CODE_SIGN_IDENTITY[sdk=iphoneos*]" = "iPhone Developer";
				COPY_PHASE_STRIP = NO;
				DEBUG_INFORMATION_FORMAT = "dwarf-with-dsym";
				ENABLE_NS_ASSERTIONS = NO;
				ENABLE_STRICT_OBJC_MSGSEND = YES;
				GCC_C_LANGUAGE_STANDARD = gnu99;
				GCC_NO_COMMON_BLOCKS = YES;
				GCC_WARN_64_TO_32_BIT_CONVERSION = YES;
				GCC_WARN_ABOUT_RETURN_TYPE = YES_ERROR;
				GCC_WARN_UNDECLARED_SELECTOR = YES;
				GCC_WARN_UNINITIALIZED_AUTOS = YES_AGGRESSIVE;
				GCC_WARN_UNUSED_FUNCTION = YES;
				GCC_WARN_UNUSED_VARIABLE = YES;
				IPHONEOS_DEPLOYMENT_TARGET = 9.3;
				MTL_ENABLE_DEBUG_INFO = NO;
				SDKROOT = iphoneos;
				TARGETED_DEVICE_FAMILY = "1,2";
				VALIDATE_PRODUCT = YES;
			};
			name = Release;
		};
		1F7911741D08742100490E61 /* Debug */ = {
			isa = XCBuildConfiguration;
			baseConfigurationReference = 2FE5994FB5761E2A80AB8E2A /* Pods-LiveAgent.debug.xcconfig */;
			buildSettings = {
				ASSETCATALOG_COMPILER_APPICON_NAME = AppIcon;
				INFOPLIST_FILE = LiveAgent/Info.plist;
				LD_RUNPATH_SEARCH_PATHS = "$(inherited) @executable_path/Frameworks";
				PRODUCT_BUNDLE_IDENTIFIER = com.halid.LiveAgent;
				PRODUCT_NAME = "$(TARGET_NAME)";
			};
			name = Debug;
		};
		1F7911751D08742100490E61 /* Release */ = {
			isa = XCBuildConfiguration;
			baseConfigurationReference = 111AAE3F72EA475E1365D3F7 /* Pods-LiveAgent.release.xcconfig */;
			buildSettings = {
				ASSETCATALOG_COMPILER_APPICON_NAME = AppIcon;
				INFOPLIST_FILE = LiveAgent/Info.plist;
				LD_RUNPATH_SEARCH_PATHS = "$(inherited) @executable_path/Frameworks";
				PRODUCT_BUNDLE_IDENTIFIER = com.halid.LiveAgent;
				PRODUCT_NAME = "$(TARGET_NAME)";
			};
			name = Release;
		};
/* End XCBuildConfiguration section */

/* Begin XCConfigurationList section */
		1F7911571D08742000490E61 /* Build configuration list for PBXProject "LiveAgent" */ = {
			isa = XCConfigurationList;
			buildConfigurations = (
				1F7911711D08742100490E61 /* Debug */,
				1F7911721D08742100490E61 /* Release */,
			);
			defaultConfigurationIsVisible = 0;
			defaultConfigurationName = Release;
		};
		1F7911731D08742100490E61 /* Build configuration list for PBXNativeTarget "LiveAgent" */ = {
			isa = XCConfigurationList;
			buildConfigurations = (
				1F7911741D08742100490E61 /* Debug */,
				1F7911751D08742100490E61 /* Release */,
			);
			defaultConfigurationIsVisible = 0;
			defaultConfigurationName = Release;
		};
/* End XCConfigurationList section */
	};
	rootObject = 1F7911541D08742000490E61 /* Project object */;
}
